// !$*UTF8*$!
{
	archiveVersion = 1;
	classes = {
	};
	objectVersion = 50;
	objects = {

/* Begin PBXBuildFile section */
		01E7CA4D252FCA9E00A89D75 /* AppDelegate.swift in Sources */ = {isa = PBXBuildFile; fileRef = 01E7CA4C252FCA9E00A89D75 /* AppDelegate.swift */; };
		01E7CA4F252FCA9E00A89D75 /* SceneDelegate.swift in Sources */ = {isa = PBXBuildFile; fileRef = 01E7CA4E252FCA9E00A89D75 /* SceneDelegate.swift */; };
		01E7CA51252FCA9E00A89D75 /* ViewController.swift in Sources */ = {isa = PBXBuildFile; fileRef = 01E7CA50252FCA9E00A89D75 /* ViewController.swift */; };
		01E7CA54252FCA9E00A89D75 /* Main.storyboard in Resources */ = {isa = PBXBuildFile; fileRef = 01E7CA52252FCA9E00A89D75 /* Main.storyboard */; };
		01E7CA56252FCA9E00A89D75 /* Assets.xcassets in Resources */ = {isa = PBXBuildFile; fileRef = 01E7CA55252FCA9E00A89D75 /* Assets.xcassets */; };
		01E7CA59252FCA9E00A89D75 /* LaunchScreen.storyboard in Resources */ = {isa = PBXBuildFile; fileRef = 01E7CA57252FCA9E00A89D75 /* LaunchScreen.storyboard */; };
		01E7CA63252FCB0700A89D75 /* contatos.json in Resources */ = {isa = PBXBuildFile; fileRef = 01E7CA62252FCB0700A89D75 /* contatos.json */; };
		01E7CA67252FCB3700A89D75 /* ContatosController.swift in Sources */ = {isa = PBXBuildFile; fileRef = 01E7CA66252FCB3700A89D75 /* ContatosController.swift */; };
		01E7CA6C252FCB8000A89D75 /* ContatosWorker.swift in Sources */ = {isa = PBXBuildFile; fileRef = 01E7CA6B252FCB8000A89D75 /* ContatosWorker.swift */; };
		01E7CA70252FCC4900A89D75 /* Contato.swift in Sources */ = {isa = PBXBuildFile; fileRef = 01E7CA6F252FCC4900A89D75 /* Contato.swift */; };
/* End PBXBuildFile section */

/* Begin PBXFileReference section */
		01E7CA49252FCA9E00A89D75 /* mvc-json.app */ = {isa = PBXFileReference; explicitFileType = wrapper.application; includeInIndex = 0; path = "mvc-json.app"; sourceTree = BUILT_PRODUCTS_DIR; };
		01E7CA4C252FCA9E00A89D75 /* AppDelegate.swift */ = {isa = PBXFileReference; lastKnownFileType = sourcecode.swift; path = AppDelegate.swift; sourceTree = "<group>"; };
		01E7CA4E252FCA9E00A89D75 /* SceneDelegate.swift */ = {isa = PBXFileReference; lastKnownFileType = sourcecode.swift; path = SceneDelegate.swift; sourceTree = "<group>"; };
		01E7CA50252FCA9E00A89D75 /* ViewController.swift */ = {isa = PBXFileReference; lastKnownFileType = sourcecode.swift; path = ViewController.swift; sourceTree = "<group>"; };
		01E7CA53252FCA9E00A89D75 /* Base */ = {isa = PBXFileReference; lastKnownFileType = file.storyboard; name = Base; path = Base.lproj/Main.storyboard; sourceTree = "<group>"; };
		01E7CA55252FCA9E00A89D75 /* Assets.xcassets */ = {isa = PBXFileReference; lastKnownFileType = folder.assetcatalog; path = Assets.xcassets; sourceTree = "<group>"; };
		01E7CA58252FCA9E00A89D75 /* Base */ = {isa = PBXFileReference; lastKnownFileType = file.storyboard; name = Base; path = Base.lproj/LaunchScreen.storyboard; sourceTree = "<group>"; };
		01E7CA5A252FCA9F00A89D75 /* Info.plist */ = {isa = PBXFileReference; lastKnownFileType = text.plist.xml; path = Info.plist; sourceTree = "<group>"; };
		01E7CA62252FCB0700A89D75 /* contatos.json */ = {isa = PBXFileReference; fileEncoding = 4; lastKnownFileType = text.json; name = contatos.json; path = ../../../../../../../../Downloads/contatos.json; sourceTree = "<group>"; };
		01E7CA66252FCB3700A89D75 /* ContatosController.swift */ = {isa = PBXFileReference; lastKnownFileType = sourcecode.swift; path = ContatosController.swift; sourceTree = "<group>"; };
		01E7CA6B252FCB8000A89D75 /* ContatosWorker.swift */ = {isa = PBXFileReference; lastKnownFileType = sourcecode.swift; path = ContatosWorker.swift; sourceTree = "<group>"; };
		01E7CA6F252FCC4900A89D75 /* Contato.swift */ = {isa = PBXFileReference; lastKnownFileType = sourcecode.swift; path = Contato.swift; sourceTree = "<group>"; };
/* End PBXFileReference section */

/* Begin PBXFrameworksBuildPhase section */
		01E7CA46252FCA9E00A89D75 /* Frameworks */ = {
			isa = PBXFrameworksBuildPhase;
			buildActionMask = 2147483647;
			files = (
			);
			runOnlyForDeploymentPostprocessing = 0;
		};
/* End PBXFrameworksBuildPhase section */

/* Begin PBXGroup section */
		01E7CA40252FCA9E00A89D75 = {
			isa = PBXGroup;
			children = (
				01E7CA4B252FCA9E00A89D75 /* mvc-json */,
				01E7CA4A252FCA9E00A89D75 /* Products */,
			);
			sourceTree = "<group>";
		};
		01E7CA4A252FCA9E00A89D75 /* Products */ = {
			isa = PBXGroup;
			children = (
				01E7CA49252FCA9E00A89D75 /* mvc-json.app */,
			);
			name = Products;
			sourceTree = "<group>";
		};
		01E7CA4B252FCA9E00A89D75 /* mvc-json */ = {
			isa = PBXGroup;
			children = (
				01E7CA6E252FCC3900A89D75 /* Model */,
				01E7CA6A252FCB5D00A89D75 /* Network */,
				01E7CA69252FCB4200A89D75 /* View */,
				01E7CA65252FCB1C00A89D75 /* Controller */,
				01E7CA61252FCAB200A89D75 /* Mock */,
				01E7CA4C252FCA9E00A89D75 /* AppDelegate.swift */,
				01E7CA4E252FCA9E00A89D75 /* SceneDelegate.swift */,
				01E7CA52252FCA9E00A89D75 /* Main.storyboard */,
				01E7CA55252FCA9E00A89D75 /* Assets.xcassets */,
				01E7CA57252FCA9E00A89D75 /* LaunchScreen.storyboard */,
				01E7CA5A252FCA9F00A89D75 /* Info.plist */,
			);
			path = "mvc-json";
			sourceTree = "<group>";
		};
		01E7CA61252FCAB200A89D75 /* Mock */ = {
			isa = PBXGroup;
			children = (
				01E7CA62252FCB0700A89D75 /* contatos.json */,
			);
			path = Mock;
			sourceTree = "<group>";
		};
		01E7CA65252FCB1C00A89D75 /* Controller */ = {
			isa = PBXGroup;
			children = (
				01E7CA66252FCB3700A89D75 /* ContatosController.swift */,
			);
			path = Controller;
			sourceTree = "<group>";
		};
		01E7CA69252FCB4200A89D75 /* View */ = {
			isa = PBXGroup;
			children = (
				01E7CA50252FCA9E00A89D75 /* ViewController.swift */,
			);
			path = View;
			sourceTree = "<group>";
		};
		01E7CA6A252FCB5D00A89D75 /* Network */ = {
			isa = PBXGroup;
			children = (
				01E7CA6B252FCB8000A89D75 /* ContatosWorker.swift */,
			);
			path = Network;
			sourceTree = "<group>";
		};
		01E7CA6E252FCC3900A89D75 /* Model */ = {
			isa = PBXGroup;
			children = (
				01E7CA6F252FCC4900A89D75 /* Contato.swift */,
			);
			path = Model;
			sourceTree = "<group>";
		};
/* End PBXGroup section */

/* Begin PBXNativeTarget section */
		01E7CA48252FCA9E00A89D75 /* mvc-json */ = {
			isa = PBXNativeTarget;
			buildConfigurationList = 01E7CA5D252FCA9F00A89D75 /* Build configuration list for PBXNativeTarget "mvc-json" */;
			buildPhases = (
				01E7CA45252FCA9E00A89D75 /* Sources */,
				01E7CA46252FCA9E00A89D75 /* Frameworks */,
				01E7CA47252FCA9E00A89D75 /* Resources */,
			);
			buildRules = (
			);
			dependencies = (
			);
			name = "mvc-json";
			productName = "mvc-json";
			productReference = 01E7CA49252FCA9E00A89D75 /* mvc-json.app */;
			productType = "com.apple.product-type.application";
		};
/* End PBXNativeTarget section */

/* Begin PBXProject section */
		01E7CA41252FCA9E00A89D75 /* Project object */ = {
			isa = PBXProject;
			attributes = {
				LastSwiftUpdateCheck = 1200;
				LastUpgradeCheck = 1200;
				TargetAttributes = {
					01E7CA48252FCA9E00A89D75 = {
						CreatedOnToolsVersion = 12.0;
					};
				};
			};
			buildConfigurationList = 01E7CA44252FCA9E00A89D75 /* Build configuration list for PBXProject "mvc-json" */;
			compatibilityVersion = "Xcode 9.3";
			developmentRegion = en;
			hasScannedForEncodings = 0;
			knownRegions = (
				en,
				Base,
			);
			mainGroup = 01E7CA40252FCA9E00A89D75;
			productRefGroup = 01E7CA4A252FCA9E00A89D75 /* Products */;
			projectDirPath = "";
			projectRoot = "";
			targets = (
				01E7CA48252FCA9E00A89D75 /* mvc-json */,
			);
		};
/* End PBXProject section */

/* Begin PBXResourcesBuildPhase section */
		01E7CA47252FCA9E00A89D75 /* Resources */ = {
			isa = PBXResourcesBuildPhase;
			buildActionMask = 2147483647;
			files = (
				01E7CA63252FCB0700A89D75 /* contatos.json in Resources */,
				01E7CA59252FCA9E00A89D75 /* LaunchScreen.storyboard in Resources */,
				01E7CA56252FCA9E00A89D75 /* Assets.xcassets in Resources */,
				01E7CA54252FCA9E00A89D75 /* Main.storyboard in Resources */,
			);
			runOnlyForDeploymentPostprocessing = 0;
		};
/* End PBXResourcesBuildPhase section */

/* Begin PBXSourcesBuildPhase section */
		01E7CA45252FCA9E00A89D75 /* Sources */ = {
			isa = PBXSourcesBuildPhase;
			buildActionMask = 2147483647;
			files = (
				01E7CA70252FCC4900A89D75 /* Contato.swift in Sources */,
				01E7CA51252FCA9E00A89D75 /* ViewController.swift in Sources */,
				01E7CA6C252FCB8000A89D75 /* ContatosWorker.swift in Sources */,
				01E7CA4D252FCA9E00A89D75 /* AppDelegate.swift in Sources */,
				01E7CA67252FCB3700A89D75 /* ContatosController.swift in Sources */,
				01E7CA4F252FCA9E00A89D75 /* SceneDelegate.swift in Sources */,
			);
			runOnlyForDeploymentPostprocessing = 0;
		};
/* End PBXSourcesBuildPhase section */

/* Begin PBXVariantGroup section */
		01E7CA52252FCA9E00A89D75 /* Main.storyboard */ = {
			isa = PBXVariantGroup;
			children = (
				01E7CA53252FCA9E00A89D75 /* Base */,
			);
			name = Main.storyboard;
			sourceTree = "<group>";
		};
		01E7CA57252FCA9E00A89D75 /* LaunchScreen.storyboard */ = {
			isa = PBXVariantGroup;
			children = (
				01E7CA58252FCA9E00A89D75 /* Base */,
			);
			name = LaunchScreen.storyboard;
			sourceTree = "<group>";
		};
/* End PBXVariantGroup section */

/* Begin XCBuildConfiguration section */
		01E7CA5B252FCA9F00A89D75 /* Debug */ = {
			isa = XCBuildConfiguration;
			buildSettings = {
				ALWAYS_SEARCH_USER_PATHS = NO;
				CLANG_ANALYZER_NONNULL = YES;
				CLANG_ANALYZER_NUMBER_OBJECT_CONVERSION = YES_AGGRESSIVE;
				CLANG_CXX_LANGUAGE_STANDARD = "gnu++14";
				CLANG_CXX_LIBRARY = "libc++";
				CLANG_ENABLE_MODULES = YES;
				CLANG_ENABLE_OBJC_ARC = YES;
				CLANG_ENABLE_OBJC_WEAK = YES;
				CLANG_WARN_BLOCK_CAPTURE_AUTORELEASING = YES;
				CLANG_WARN_BOOL_CONVERSION = YES;
				CLANG_WARN_COMMA = YES;
				CLANG_WARN_CONSTANT_CONVERSION = YES;
				CLANG_WARN_DEPRECATED_OBJC_IMPLEMENTATIONS = YES;
				CLANG_WARN_DIRECT_OBJC_ISA_USAGE = YES_ERROR;
				CLANG_WARN_DOCUMENTATION_COMMENTS = YES;
				CLANG_WARN_EMPTY_BODY = YES;
				CLANG_WARN_ENUM_CONVERSION = YES;
				CLANG_WARN_INFINITE_RECURSION = YES;
				CLANG_WARN_INT_CONVERSION = YES;
				CLANG_WARN_NON_LITERAL_NULL_CONVERSION = YES;
				CLANG_WARN_OBJC_IMPLICIT_RETAIN_SELF = YES;
				CLANG_WARN_OBJC_LITERAL_CONVERSION = YES;
				CLANG_WARN_OBJC_ROOT_CLASS = YES_ERROR;
				CLANG_WARN_QUOTED_INCLUDE_IN_FRAMEWORK_HEADER = YES;
				CLANG_WARN_RANGE_LOOP_ANALYSIS = YES;
				CLANG_WARN_STRICT_PROTOTYPES = YES;
				CLANG_WARN_SUSPICIOUS_MOVE = YES;
				CLANG_WARN_UNGUARDED_AVAILABILITY = YES_AGGRESSIVE;
				CLANG_WARN_UNREACHABLE_CODE = YES;
				CLANG_WARN__DUPLICATE_METHOD_MATCH = YES;
				COPY_PHASE_STRIP = NO;
				DEBUG_INFORMATION_FORMAT = dwarf;
				ENABLE_STRICT_OBJC_MSGSEND = YES;
				ENABLE_TESTABILITY = YES;
				GCC_C_LANGUAGE_STANDARD = gnu11;
				GCC_DYNAMIC_NO_PIC = NO;
				GCC_NO_COMMON_BLOCKS = YES;
				GCC_OPTIMIZATION_LEVEL = 0;
				GCC_PREPROCESSOR_DEFINITIONS = (
					"DEBUG=1",
					"$(inherited)",
				);
				GCC_WARN_64_TO_32_BIT_CONVERSION = YES;
				GCC_WARN_ABOUT_RETURN_TYPE = YES_ERROR;
				GCC_WARN_UNDECLARED_SELECTOR = YES;
				GCC_WARN_UNINITIALIZED_AUTOS = YES_AGGRESSIVE;
				GCC_WARN_UNUSED_FUNCTION = YES;
				GCC_WARN_UNUSED_VARIABLE = YES;
				IPHONEOS_DEPLOYMENT_TARGET = 14.0;
				MTL_ENABLE_DEBUG_INFO = INCLUDE_SOURCE;
				MTL_FAST_MATH = YES;
				ONLY_ACTIVE_ARCH = YES;
				SDKROOT = iphoneos;
				SWIFT_ACTIVE_COMPILATION_CONDITIONS = DEBUG;
				SWIFT_OPTIMIZATION_LEVEL = "-Onone";
			};
			name = Debug;
		};
		01E7CA5C252FCA9F00A89D75 /* Release */ = {
			isa = XCBuildConfiguration;
			buildSettings = {
				ALWAYS_SEARCH_USER_PATHS = NO;
				CLANG_ANALYZER_NONNULL = YES;
				CLANG_ANALYZER_NUMBER_OBJECT_CONVERSION = YES_AGGRESSIVE;
				CLANG_CXX_LANGUAGE_STANDARD = "gnu++14";
				CLANG_CXX_LIBRARY = "libc++";
				CLANG_ENABLE_MODULES = YES;
				CLANG_ENABLE_OBJC_ARC = YES;
				CLANG_ENABLE_OBJC_WEAK = YES;
				CLANG_WARN_BLOCK_CAPTURE_AUTORELEASING = YES;
				CLANG_WARN_BOOL_CONVERSION = YES;
				CLANG_WARN_COMMA = YES;
				CLANG_WARN_CONSTANT_CONVERSION = YES;
				CLANG_WARN_DEPRECATED_OBJC_IMPLEMENTATIONS = YES;
				CLANG_WARN_DIRECT_OBJC_ISA_USAGE = YES_ERROR;
				CLANG_WARN_DOCUMENTATION_COMMENTS = YES;
				CLANG_WARN_EMPTY_BODY = YES;
				CLANG_WARN_ENUM_CONVERSION = YES;
				CLANG_WARN_INFINITE_RECURSION = YES;
				CLANG_WARN_INT_CONVERSION = YES;
				CLANG_WARN_NON_LITERAL_NULL_CONVERSION = YES;
				CLANG_WARN_OBJC_IMPLICIT_RETAIN_SELF = YES;
				CLANG_WARN_OBJC_LITERAL_CONVERSION = YES;
				CLANG_WARN_OBJC_ROOT_CLASS = YES_ERROR;
				CLANG_WARN_QUOTED_INCLUDE_IN_FRAMEWORK_HEADER = YES;
				CLANG_WARN_RANGE_LOOP_ANALYSIS = YES;
				CLANG_WARN_STRICT_PROTOTYPES = YES;
				CLANG_WARN_SUSPICIOUS_MOVE = YES;
				CLANG_WARN_UNGUARDED_AVAILABILITY = YES_AGGRESSIVE;
				CLANG_WARN_UNREACHABLE_CODE = YES;
				CLANG_WARN__DUPLICATE_METHOD_MATCH = YES;
				COPY_PHASE_STRIP = NO;
				DEBUG_INFORMATION_FORMAT = "dwarf-with-dsym";
				ENABLE_NS_ASSERTIONS = NO;
				ENABLE_STRICT_OBJC_MSGSEND = YES;
				GCC_C_LANGUAGE_STANDARD = gnu11;
				GCC_NO_COMMON_BLOCKS = YES;
				GCC_WARN_64_TO_32_BIT_CONVERSION = YES;
				GCC_WARN_ABOUT_RETURN_TYPE = YES_ERROR;
				GCC_WARN_UNDECLARED_SELECTOR = YES;
				GCC_WARN_UNINITIALIZED_AUTOS = YES_AGGRESSIVE;
				GCC_WARN_UNUSED_FUNCTION = YES;
				GCC_WARN_UNUSED_VARIABLE = YES;
				IPHONEOS_DEPLOYMENT_TARGET = 14.0;
				MTL_ENABLE_DEBUG_INFO = NO;
				MTL_FAST_MATH = YES;
				SDKROOT = iphoneos;
				SWIFT_COMPILATION_MODE = wholemodule;
				SWIFT_OPTIMIZATION_LEVEL = "-O";
				VALIDATE_PRODUCT = YES;
			};
			name = Release;
		};
		01E7CA5E252FCA9F00A89D75 /* Debug */ = {
			isa = XCBuildConfiguration;
			buildSettings = {
				ASSETCATALOG_COMPILER_APPICON_NAME = AppIcon;
				ASSETCATALOG_COMPILER_GLOBAL_ACCENT_COLOR_NAME = AccentColor;
				CODE_SIGN_STYLE = Automatic;
				INFOPLIST_FILE = "mvc-json/Info.plist";
				LD_RUNPATH_SEARCH_PATHS = (
					"$(inherited)",
					"@executable_path/Frameworks",
				);
				PRODUCT_BUNDLE_IDENTIFIER = "Rafael-Miguel.mvc-json";
				PRODUCT_NAME = "$(TARGET_NAME)";
				SWIFT_VERSION = 5.0;
				TARGETED_DEVICE_FAMILY = "1,2";
			};
			name = Debug;
		};
		01E7CA5F252FCA9F00A89D75 /* Release */ = {
			isa = XCBuildConfiguration;
			buildSettings = {
				ASSETCATALOG_COMPILER_APPICON_NAME = AppIcon;
				ASSETCATALOG_COMPILER_GLOBAL_ACCENT_COLOR_NAME = AccentColor;
				CODE_SIGN_STYLE = Automatic;
				INFOPLIST_FILE = "mvc-json/Info.plist";
				LD_RUNPATH_SEARCH_PATHS = (
					"$(inherited)",
					"@executable_path/Frameworks",
				);
				PRODUCT_BUNDLE_IDENTIFIER = "Rafael-Miguel.mvc-json";
				PRODUCT_NAME = "$(TARGET_NAME)";
				SWIFT_VERSION = 5.0;
				TARGETED_DEVICE_FAMILY = "1,2";
			};
			name = Release;
		};
/* End XCBuildConfiguration section */

/* Begin XCConfigurationList section */
		01E7CA44252FCA9E00A89D75 /* Build configuration list for PBXProject "mvc-json" */ = {
			isa = XCConfigurationList;
			buildConfigurations = (
				01E7CA5B252FCA9F00A89D75 /* Debug */,
				01E7CA5C252FCA9F00A89D75 /* Release */,
			);
			defaultConfigurationIsVisible = 0;
			defaultConfigurationName = Release;
		};
		01E7CA5D252FCA9F00A89D75 /* Build configuration list for PBXNativeTarget "mvc-json" */ = {
			isa = XCConfigurationList;
			buildConfigurations = (
				01E7CA5E252FCA9F00A89D75 /* Debug */,
				01E7CA5F252FCA9F00A89D75 /* Release */,
			);
			defaultConfigurationIsVisible = 0;
			defaultConfigurationName = Release;
		};
/* End XCConfigurationList section */
	};
	rootObject = 01E7CA41252FCA9E00A89D75 /* Project object */;
}
