// !$*UTF8*$!
{
	archiveVersion = 1;
	classes = {
	};
	objectVersion = 50;
	objects = {

/* Begin PBXBuildFile section */
		01D85B8124EF2CB50091952A /* AppDelegate.swift in Sources */ = {isa = PBXBuildFile; fileRef = 01D85B8024EF2CB50091952A /* AppDelegate.swift */; };
		01D85B8324EF2CB50091952A /* SceneDelegate.swift in Sources */ = {isa = PBXBuildFile; fileRef = 01D85B8224EF2CB50091952A /* SceneDelegate.swift */; };
		01D85B8524EF2CB50091952A /* ViewController.swift in Sources */ = {isa = PBXBuildFile; fileRef = 01D85B8424EF2CB50091952A /* ViewController.swift */; };
		01D85B8824EF2CB50091952A /* Main.storyboard in Resources */ = {isa = PBXBuildFile; fileRef = 01D85B8624EF2CB50091952A /* Main.storyboard */; };
		01D85B8A24EF2CB70091952A /* Assets.xcassets in Resources */ = {isa = PBXBuildFile; fileRef = 01D85B8924EF2CB70091952A /* Assets.xcassets */; };
		01D85B8D24EF2CB70091952A /* LaunchScreen.storyboard in Resources */ = {isa = PBXBuildFile; fileRef = 01D85B8B24EF2CB70091952A /* LaunchScreen.storyboard */; };
		01D85B9724EF37790091952A /* AddViewController.swift in Sources */ = {isa = PBXBuildFile; fileRef = 01D85B9624EF37790091952A /* AddViewController.swift */; };
		01D85B9924EF379F0091952A /* Product.swift in Sources */ = {isa = PBXBuildFile; fileRef = 01D85B9824EF379F0091952A /* Product.swift */; };
/* End PBXBuildFile section */

/* Begin PBXFileReference section */
		01D85B7D24EF2CB50091952A /* SuperList.app */ = {isa = PBXFileReference; explicitFileType = wrapper.application; includeInIndex = 0; path = SuperList.app; sourceTree = BUILT_PRODUCTS_DIR; };
		01D85B8024EF2CB50091952A /* AppDelegate.swift */ = {isa = PBXFileReference; lastKnownFileType = sourcecode.swift; path = AppDelegate.swift; sourceTree = "<group>"; };
		01D85B8224EF2CB50091952A /* SceneDelegate.swift */ = {isa = PBXFileReference; lastKnownFileType = sourcecode.swift; path = SceneDelegate.swift; sourceTree = "<group>"; };
		01D85B8424EF2CB50091952A /* ViewController.swift */ = {isa = PBXFileReference; lastKnownFileType = sourcecode.swift; path = ViewController.swift; sourceTree = "<group>"; };
		01D85B8724EF2CB50091952A /* Base */ = {isa = PBXFileReference; lastKnownFileType = file.storyboard; name = Base; path = Base.lproj/Main.storyboard; sourceTree = "<group>"; };
		01D85B8924EF2CB70091952A /* Assets.xcassets */ = {isa = PBXFileReference; lastKnownFileType = folder.assetcatalog; path = Assets.xcassets; sourceTree = "<group>"; };
		01D85B8C24EF2CB70091952A /* Base */ = {isa = PBXFileReference; lastKnownFileType = file.storyboard; name = Base; path = Base.lproj/LaunchScreen.storyboard; sourceTree = "<group>"; };
		01D85B8E24EF2CB70091952A /* Info.plist */ = {isa = PBXFileReference; lastKnownFileType = text.plist.xml; path = Info.plist; sourceTree = "<group>"; };
		01D85B9624EF37790091952A /* AddViewController.swift */ = {isa = PBXFileReference; lastKnownFileType = sourcecode.swift; path = AddViewController.swift; sourceTree = "<group>"; };
		01D85B9824EF379F0091952A /* Product.swift */ = {isa = PBXFileReference; lastKnownFileType = sourcecode.swift; path = Product.swift; sourceTree = "<group>"; };
/* End PBXFileReference section */

/* Begin PBXFrameworksBuildPhase section */
		01D85B7A24EF2CB50091952A /* Frameworks */ = {
			isa = PBXFrameworksBuildPhase;
			buildActionMask = 2147483647;
			files = (
			);
			runOnlyForDeploymentPostprocessing = 0;
		};
/* End PBXFrameworksBuildPhase section */

/* Begin PBXGroup section */
		01D85B7424EF2CB50091952A = {
			isa = PBXGroup;
			children = (
				01D85B7F24EF2CB50091952A /* SuperList */,
				01D85B7E24EF2CB50091952A /* Products */,
			);
			sourceTree = "<group>";
		};
		01D85B7E24EF2CB50091952A /* Products */ = {
			isa = PBXGroup;
			children = (
				01D85B7D24EF2CB50091952A /* SuperList.app */,
			);
			name = Products;
			sourceTree = "<group>";
		};
		01D85B7F24EF2CB50091952A /* SuperList */ = {
			isa = PBXGroup;
			children = (
				01D85B8024EF2CB50091952A /* AppDelegate.swift */,
				01D85B8224EF2CB50091952A /* SceneDelegate.swift */,
				01D85B8424EF2CB50091952A /* ViewController.swift */,
				01D85B8624EF2CB50091952A /* Main.storyboard */,
				01D85B8924EF2CB70091952A /* Assets.xcassets */,
				01D85B8B24EF2CB70091952A /* LaunchScreen.storyboard */,
				01D85B8E24EF2CB70091952A /* Info.plist */,
				01D85B9624EF37790091952A /* AddViewController.swift */,
				01D85B9824EF379F0091952A /* Product.swift */,
			);
			path = SuperList;
			sourceTree = "<group>";
		};
/* End PBXGroup section */

/* Begin PBXNativeTarget section */
		01D85B7C24EF2CB50091952A /* SuperList */ = {
			isa = PBXNativeTarget;
			buildConfigurationList = 01D85B9124EF2CB70091952A /* Build configuration list for PBXNativeTarget "SuperList" */;
			buildPhases = (
				01D85B7924EF2CB50091952A /* Sources */,
				01D85B7A24EF2CB50091952A /* Frameworks */,
				01D85B7B24EF2CB50091952A /* Resources */,
			);
			buildRules = (
			);
			dependencies = (
			);
			name = SuperList;
			productName = SuperList;
			productReference = 01D85B7D24EF2CB50091952A /* SuperList.app */;
			productType = "com.apple.product-type.application";
		};
/* End PBXNativeTarget section */

/* Begin PBXProject section */
		01D85B7524EF2CB50091952A /* Project object */ = {
			isa = PBXProject;
			attributes = {
				LastSwiftUpdateCheck = 1160;
				LastUpgradeCheck = 1160;
				ORGANIZATIONNAME = "Rafael Miguel";
				TargetAttributes = {
					01D85B7C24EF2CB50091952A = {
						CreatedOnToolsVersion = 11.6;
					};
				};
			};
			buildConfigurationList = 01D85B7824EF2CB50091952A /* Build configuration list for PBXProject "SuperList" */;
			compatibilityVersion = "Xcode 9.3";
			developmentRegion = en;
			hasScannedForEncodings = 0;
			knownRegions = (
				en,
				Base,
			);
			mainGroup = 01D85B7424EF2CB50091952A;
			productRefGroup = 01D85B7E24EF2CB50091952A /* Products */;
			projectDirPath = "";
			projectRoot = "";
			targets = (
				01D85B7C24EF2CB50091952A /* SuperList */,
			);
		};
/* End PBXProject section */

/* Begin PBXResourcesBuildPhase section */
		01D85B7B24EF2CB50091952A /* Resources */ = {
			isa = PBXResourcesBuildPhase;
			buildActionMask = 2147483647;
			files = (
				01D85B8D24EF2CB70091952A /* LaunchScreen.storyboard in Resources */,
				01D85B8A24EF2CB70091952A /* Assets.xcassets in Resources */,
				01D85B8824EF2CB50091952A /* Main.storyboard in Resources */,
			);
			runOnlyForDeploymentPostprocessing = 0;
		};
/* End PBXResourcesBuildPhase section */

/* Begin PBXSourcesBuildPhase section */
		01D85B7924EF2CB50091952A /* Sources */ = {
			isa = PBXSourcesBuildPhase;
			buildActionMask = 2147483647;
			files = (
				01D85B8524EF2CB50091952A /* ViewController.swift in Sources */,
				01D85B8124EF2CB50091952A /* AppDelegate.swift in Sources */,
				01D85B9924EF379F0091952A /* Product.swift in Sources */,
				01D85B9724EF37790091952A /* AddViewController.swift in Sources */,
				01D85B8324EF2CB50091952A /* SceneDelegate.swift in Sources */,
			);
			runOnlyForDeploymentPostprocessing = 0;
		};
/* End PBXSourcesBuildPhase section */

/* Begin PBXVariantGroup section */
		01D85B8624EF2CB50091952A /* Main.storyboard */ = {
			isa = PBXVariantGroup;
			children = (
				01D85B8724EF2CB50091952A /* Base */,
			);
			name = Main.storyboard;
			sourceTree = "<group>";
		};
		01D85B8B24EF2CB70091952A /* LaunchScreen.storyboard */ = {
			isa = PBXVariantGroup;
			children = (
				01D85B8C24EF2CB70091952A /* Base */,
			);
			name = LaunchScreen.storyboard;
			sourceTree = "<group>";
		};
/* End PBXVariantGroup section */

/* Begin XCBuildConfiguration section */
		01D85B8F24EF2CB70091952A /* Debug */ = {
			isa = XCBuildConfiguration;
			buildSettings = {
				ALWAYS_SEARCH_USER_PATHS = NO;
				CLANG_ANALYZER_NONNULL = YES;
				CLANG_ANALYZER_NUMBER_OBJECT_CONVERSION = YES_AGGRESSIVE;
				CLANG_CXX_LANGUAGE_STANDARD = "gnu++14";
				CLANG_CXX_LIBRARY = "libc++";
				CLANG_ENABLE_MODULES = YES;
				CLANG_ENABLE_OBJC_ARC = YES;
				CLANG_ENABLE_OBJC_WEAK = YES;
				CLANG_WARN_BLOCK_CAPTURE_AUTORELEASING = YES;
				CLANG_WARN_BOOL_CONVERSION = YES;
				CLANG_WARN_COMMA = YES;
				CLANG_WARN_CONSTANT_CONVERSION = YES;
				CLANG_WARN_DEPRECATED_OBJC_IMPLEMENTATIONS = YES;
				CLANG_WARN_DIRECT_OBJC_ISA_USAGE = YES_ERROR;
				CLANG_WARN_DOCUMENTATION_COMMENTS = YES;
				CLANG_WARN_EMPTY_BODY = YES;
				CLANG_WARN_ENUM_CONVERSION = YES;
				CLANG_WARN_INFINITE_RECURSION = YES;
				CLANG_WARN_INT_CONVERSION = YES;
				CLANG_WARN_NON_LITERAL_NULL_CONVERSION = YES;
				CLANG_WARN_OBJC_IMPLICIT_RETAIN_SELF = YES;
				CLANG_WARN_OBJC_LITERAL_CONVERSION = YES;
				CLANG_WARN_OBJC_ROOT_CLASS = YES_ERROR;
				CLANG_WARN_RANGE_LOOP_ANALYSIS = YES;
				CLANG_WARN_STRICT_PROTOTYPES = YES;
				CLANG_WARN_SUSPICIOUS_MOVE = YES;
				CLANG_WARN_UNGUARDED_AVAILABILITY = YES_AGGRESSIVE;
				CLANG_WARN_UNREACHABLE_CODE = YES;
				CLANG_WARN__DUPLICATE_METHOD_MATCH = YES;
				COPY_PHASE_STRIP = NO;
				DEBUG_INFORMATION_FORMAT = dwarf;
				ENABLE_STRICT_OBJC_MSGSEND = YES;
				ENABLE_TESTABILITY = YES;
				GCC_C_LANGUAGE_STANDARD = gnu11;
				GCC_DYNAMIC_NO_PIC = NO;
				GCC_NO_COMMON_BLOCKS = YES;
				GCC_OPTIMIZATION_LEVEL = 0;
				GCC_PREPROCESSOR_DEFINITIONS = (
					"DEBUG=1",
					"$(inherited)",
				);
				GCC_WARN_64_TO_32_BIT_CONVERSION = YES;
				GCC_WARN_ABOUT_RETURN_TYPE = YES_ERROR;
				GCC_WARN_UNDECLARED_SELECTOR = YES;
				GCC_WARN_UNINITIALIZED_AUTOS = YES_AGGRESSIVE;
				GCC_WARN_UNUSED_FUNCTION = YES;
				GCC_WARN_UNUSED_VARIABLE = YES;
				IPHONEOS_DEPLOYMENT_TARGET = 13.6;
				MTL_ENABLE_DEBUG_INFO = INCLUDE_SOURCE;
				MTL_FAST_MATH = YES;
				ONLY_ACTIVE_ARCH = YES;
				SDKROOT = iphoneos;
				SWIFT_ACTIVE_COMPILATION_CONDITIONS = DEBUG;
				SWIFT_OPTIMIZATION_LEVEL = "-Onone";
			};
			name = Debug;
		};
		01D85B9024EF2CB70091952A /* Release */ = {
			isa = XCBuildConfiguration;
			buildSettings = {
				ALWAYS_SEARCH_USER_PATHS = NO;
				CLANG_ANALYZER_NONNULL = YES;
				CLANG_ANALYZER_NUMBER_OBJECT_CONVERSION = YES_AGGRESSIVE;
				CLANG_CXX_LANGUAGE_STANDARD = "gnu++14";
				CLANG_CXX_LIBRARY = "libc++";
				CLANG_ENABLE_MODULES = YES;
				CLANG_ENABLE_OBJC_ARC = YES;
				CLANG_ENABLE_OBJC_WEAK = YES;
				CLANG_WARN_BLOCK_CAPTURE_AUTORELEASING = YES;
				CLANG_WARN_BOOL_CONVERSION = YES;
				CLANG_WARN_COMMA = YES;
				CLANG_WARN_CONSTANT_CONVERSION = YES;
				CLANG_WARN_DEPRECATED_OBJC_IMPLEMENTATIONS = YES;
				CLANG_WARN_DIRECT_OBJC_ISA_USAGE = YES_ERROR;
				CLANG_WARN_DOCUMENTATION_COMMENTS = YES;
				CLANG_WARN_EMPTY_BODY = YES;
				CLANG_WARN_ENUM_CONVERSION = YES;
				CLANG_WARN_INFINITE_RECURSION = YES;
				CLANG_WARN_INT_CONVERSION = YES;
				CLANG_WARN_NON_LITERAL_NULL_CONVERSION = YES;
				CLANG_WARN_OBJC_IMPLICIT_RETAIN_SELF = YES;
				CLANG_WARN_OBJC_LITERAL_CONVERSION = YES;
				CLANG_WARN_OBJC_ROOT_CLASS = YES_ERROR;
				CLANG_WARN_RANGE_LOOP_ANALYSIS = YES;
				CLANG_WARN_STRICT_PROTOTYPES = YES;
				CLANG_WARN_SUSPICIOUS_MOVE = YES;
				CLANG_WARN_UNGUARDED_AVAILABILITY = YES_AGGRESSIVE;
				CLANG_WARN_UNREACHABLE_CODE = YES;
				CLANG_WARN__DUPLICATE_METHOD_MATCH = YES;
				COPY_PHASE_STRIP = NO;
				DEBUG_INFORMATION_FORMAT = "dwarf-with-dsym";
				ENABLE_NS_ASSERTIONS = NO;
				ENABLE_STRICT_OBJC_MSGSEND = YES;
				GCC_C_LANGUAGE_STANDARD = gnu11;
				GCC_NO_COMMON_BLOCKS = YES;
				GCC_WARN_64_TO_32_BIT_CONVERSION = YES;
				GCC_WARN_ABOUT_RETURN_TYPE = YES_ERROR;
				GCC_WARN_UNDECLARED_SELECTOR = YES;
				GCC_WARN_UNINITIALIZED_AUTOS = YES_AGGRESSIVE;
				GCC_WARN_UNUSED_FUNCTION = YES;
				GCC_WARN_UNUSED_VARIABLE = YES;
				IPHONEOS_DEPLOYMENT_TARGET = 13.6;
				MTL_ENABLE_DEBUG_INFO = NO;
				MTL_FAST_MATH = YES;
				SDKROOT = iphoneos;
				SWIFT_COMPILATION_MODE = wholemodule;
				SWIFT_OPTIMIZATION_LEVEL = "-O";
				VALIDATE_PRODUCT = YES;
			};
			name = Release;
		};
		01D85B9224EF2CB70091952A /* Debug */ = {
			isa = XCBuildConfiguration;
			buildSettings = {
				ASSETCATALOG_COMPILER_APPICON_NAME = AppIcon;
				CODE_SIGN_STYLE = Automatic;
				INFOPLIST_FILE = SuperList/Info.plist;
				LD_RUNPATH_SEARCH_PATHS = (
					"$(inherited)",
					"@executable_path/Frameworks",
				);
				PRODUCT_BUNDLE_IDENTIFIER = "Rafael-Miguel.SuperList";
				PRODUCT_NAME = "$(TARGET_NAME)";
				SWIFT_VERSION = 5.0;
				TARGETED_DEVICE_FAMILY = "1,2";
			};
			name = Debug;
		};
		01D85B9324EF2CB70091952A /* Release */ = {
			isa = XCBuildConfiguration;
			buildSettings = {
				ASSETCATALOG_COMPILER_APPICON_NAME = AppIcon;
				CODE_SIGN_STYLE = Automatic;
				INFOPLIST_FILE = SuperList/Info.plist;
				LD_RUNPATH_SEARCH_PATHS = (
					"$(inherited)",
					"@executable_path/Frameworks",
				);
				PRODUCT_BUNDLE_IDENTIFIER = "Rafael-Miguel.SuperList";
				PRODUCT_NAME = "$(TARGET_NAME)";
				SWIFT_VERSION = 5.0;
				TARGETED_DEVICE_FAMILY = "1,2";
			};
			name = Release;
		};
/* End XCBuildConfiguration section */

/* Begin XCConfigurationList section */
		01D85B7824EF2CB50091952A /* Build configuration list for PBXProject "SuperList" */ = {
			isa = XCConfigurationList;
			buildConfigurations = (
				01D85B8F24EF2CB70091952A /* Debug */,
				01D85B9024EF2CB70091952A /* Release */,
			);
			defaultConfigurationIsVisible = 0;
			defaultConfigurationName = Release;
		};
		01D85B9124EF2CB70091952A /* Build configuration list for PBXNativeTarget "SuperList" */ = {
			isa = XCConfigurationList;
			buildConfigurations = (
				01D85B9224EF2CB70091952A /* Debug */,
				01D85B9324EF2CB70091952A /* Release */,
			);
			defaultConfigurationIsVisible = 0;
			defaultConfigurationName = Release;
		};
/* End XCConfigurationList section */
	};
	rootObject = 01D85B7524EF2CB50091952A /* Project object */;
}
